// !$*UTF8*$!
{
	archiveVersion = 1;
	classes = {
	};
	objectVersion = 46;
	objects = {

/* Begin PBXBuildFile section */
		1DCFABFF1E373F6C006EF3A3 /* main.m in Sources */ = {isa = PBXBuildFile; fileRef = 1DCFABFE1E373F6C006EF3A3 /* main.m */; };
		1DCFAC021E373F6C006EF3A3 /* AppDelegate.m in Sources */ = {isa = PBXBuildFile; fileRef = 1DCFAC011E373F6C006EF3A3 /* AppDelegate.m */; };
		1DCFAC051E373F6C006EF3A3 /* ViewController.m in Sources */ = {isa = PBXBuildFile; fileRef = 1DCFAC041E373F6C006EF3A3 /* ViewController.m */; };
		1DCFAC081E373F6C006EF3A3 /* Main.storyboard in Resources */ = {isa = PBXBuildFile; fileRef = 1DCFAC061E373F6C006EF3A3 /* Main.storyboard */; };
		1DCFAC0A1E373F6C006EF3A3 /* Assets.xcassets in Resources */ = {isa = PBXBuildFile; fileRef = 1DCFAC091E373F6C006EF3A3 /* Assets.xcassets */; };
		1DCFAC0D1E373F6C006EF3A3 /* LaunchScreen.storyboard in Resources */ = {isa = PBXBuildFile; fileRef = 1DCFAC0B1E373F6C006EF3A3 /* LaunchScreen.storyboard */; };
/* End PBXBuildFile section */

/* Begin PBXFileReference section */
		1DCFABFA1E373F6C006EF3A3 /* Reader.app */ = {isa = PBXFileReference; explicitFileType = wrapper.application; includeInIndex = 0; path = Reader.app; sourceTree = BUILT_PRODUCTS_DIR; };
		1DCFABFE1E373F6C006EF3A3 /* main.m */ = {isa = PBXFileReference; lastKnownFileType = sourcecode.c.objc; path = main.m; sourceTree = "<group>"; };
		1DCFAC001E373F6C006EF3A3 /* AppDelegate.h */ = {isa = PBXFileReference; lastKnownFileType = sourcecode.c.h; path = AppDelegate.h; sourceTree = "<group>"; };
		1DCFAC011E373F6C006EF3A3 /* AppDelegate.m */ = {isa = PBXFileReference; lastKnownFileType = sourcecode.c.objc; path = AppDelegate.m; sourceTree = "<group>"; };
		1DCFAC031E373F6C006EF3A3 /* ViewController.h */ = {isa = PBXFileReference; lastKnownFileType = sourcecode.c.h; path = ViewController.h; sourceTree = "<group>"; };
		1DCFAC041E373F6C006EF3A3 /* ViewController.m */ = {isa = PBXFileReference; lastKnownFileType = sourcecode.c.objc; path = ViewController.m; sourceTree = "<group>"; };
		1DCFAC071E373F6C006EF3A3 /* Base */ = {isa = PBXFileReference; lastKnownFileType = file.storyboard; name = Base; path = Base.lproj/Main.storyboard; sourceTree = "<group>"; };
		1DCFAC091E373F6C006EF3A3 /* Assets.xcassets */ = {isa = PBXFileReference; lastKnownFileType = folder.assetcatalog; path = Assets.xcassets; sourceTree = "<group>"; };
		1DCFAC0C1E373F6C006EF3A3 /* Base */ = {isa = PBXFileReference; lastKnownFileType = file.storyboard; name = Base; path = Base.lproj/LaunchScreen.storyboard; sourceTree = "<group>"; };
		1DCFAC0E1E373F6C006EF3A3 /* Info.plist */ = {isa = PBXFileReference; lastKnownFileType = text.plist.xml; path = Info.plist; sourceTree = "<group>"; };
/* End PBXFileReference section */

/* Begin PBXFrameworksBuildPhase section */
		1DCFABF71E373F6C006EF3A3 /* Frameworks */ = {
			isa = PBXFrameworksBuildPhase;
			buildActionMask = 2147483647;
			files = (
			);
			runOnlyForDeploymentPostprocessing = 0;
		};
/* End PBXFrameworksBuildPhase section */

/* Begin PBXGroup section */
		1DCFABF11E373F6C006EF3A3 = {
			isa = PBXGroup;
			children = (
				1DCFABFC1E373F6C006EF3A3 /* Reader */,
				1DCFABFB1E373F6C006EF3A3 /* Products */,
			);
			sourceTree = "<group>";
		};
		1DCFABFB1E373F6C006EF3A3 /* Products */ = {
			isa = PBXGroup;
			children = (
				1DCFABFA1E373F6C006EF3A3 /* Reader.app */,
			);
			name = Products;
			sourceTree = "<group>";
		};
		1DCFABFC1E373F6C006EF3A3 /* Reader */ = {
			isa = PBXGroup;
			children = (
				1DCFAC001E373F6C006EF3A3 /* AppDelegate.h */,
				1DCFAC011E373F6C006EF3A3 /* AppDelegate.m */,
				1DCFAC031E373F6C006EF3A3 /* ViewController.h */,
				1DCFAC041E373F6C006EF3A3 /* ViewController.m */,
				1DCFAC061E373F6C006EF3A3 /* Main.storyboard */,
				1DCFAC091E373F6C006EF3A3 /* Assets.xcassets */,
				1DCFAC0B1E373F6C006EF3A3 /* LaunchScreen.storyboard */,
				1DCFAC0E1E373F6C006EF3A3 /* Info.plist */,
				1DCFABFD1E373F6C006EF3A3 /* Supporting Files */,
			);
			path = Reader;
			sourceTree = "<group>";
		};
		1DCFABFD1E373F6C006EF3A3 /* Supporting Files */ = {
			isa = PBXGroup;
			children = (
				1DCFABFE1E373F6C006EF3A3 /* main.m */,
			);
			name = "Supporting Files";
			sourceTree = "<group>";
		};
/* End PBXGroup section */

/* Begin PBXNativeTarget section */
		1DCFABF91E373F6C006EF3A3 /* Reader */ = {
			isa = PBXNativeTarget;
			buildConfigurationList = 1DCFAC111E373F6C006EF3A3 /* Build configuration list for PBXNativeTarget "Reader" */;
			buildPhases = (
				1DCFABF61E373F6C006EF3A3 /* Sources */,
				1DCFABF71E373F6C006EF3A3 /* Frameworks */,
				1DCFABF81E373F6C006EF3A3 /* Resources */,
			);
			buildRules = (
			);
			dependencies = (
			);
			name = Reader;
			productName = Reader;
			productReference = 1DCFABFA1E373F6C006EF3A3 /* Reader.app */;
			productType = "com.apple.product-type.application";
		};
/* End PBXNativeTarget section */

/* Begin PBXProject section */
		1DCFABF21E373F6C006EF3A3 /* Project object */ = {
			isa = PBXProject;
			attributes = {
				LastUpgradeCheck = 0820;
				ORGANIZATIONNAME = SF;
				TargetAttributes = {
					1DCFABF91E373F6C006EF3A3 = {
						CreatedOnToolsVersion = 8.2.1;
						DevelopmentTeam = VN226642G5;
						ProvisioningStyle = Automatic;
					};
				};
			};
			buildConfigurationList = 1DCFABF51E373F6C006EF3A3 /* Build configuration list for PBXProject "Reader" */;
			compatibilityVersion = "Xcode 3.2";
			developmentRegion = English;
			hasScannedForEncodings = 0;
			knownRegions = (
				en,
				Base,
			);
			mainGroup = 1DCFABF11E373F6C006EF3A3;
			productRefGroup = 1DCFABFB1E373F6C006EF3A3 /* Products */;
			projectDirPath = "";
			projectRoot = "";
			targets = (
				1DCFABF91E373F6C006EF3A3 /* Reader */,
			);
		};
/* End PBXProject section */

/* Begin PBXResourcesBuildPhase section */
		1DCFABF81E373F6C006EF3A3 /* Resources */ = {
			isa = PBXResourcesBuildPhase;
			buildActionMask = 2147483647;
			files = (
				1DCFAC0D1E373F6C006EF3A3 /* LaunchScreen.storyboard in Resources */,
				1DCFAC0A1E373F6C006EF3A3 /* Assets.xcassets in Resources */,
				1DCFAC081E373F6C006EF3A3 /* Main.storyboard in Resources */,
			);
			runOnlyForDeploymentPostprocessing = 0;
		};
/* End PBXResourcesBuildPhase section */

/* Begin PBXSourcesBuildPhase section */
		1DCFABF61E373F6C006EF3A3 /* Sources */ = {
			isa = PBXSourcesBuildPhase;
			buildActionMask = 2147483647;
			files = (
				1DCFAC051E373F6C006EF3A3 /* ViewController.m in Sources */,
				1DCFAC021E373F6C006EF3A3 /* AppDelegate.m in Sources */,
				1DCFABFF1E373F6C006EF3A3 /* main.m in Sources */,
			);
			runOnlyForDeploymentPostprocessing = 0;
		};
/* End PBXSourcesBuildPhase section */

/* Begin PBXVariantGroup section */
		1DCFAC061E373F6C006EF3A3 /* Main.storyboard */ = {
			isa = PBXVariantGroup;
			children = (
				1DCFAC071E373F6C006EF3A3 /* Base */,
			);
			name = Main.storyboard;
			sourceTree = "<group>";
		};
		1DCFAC0B1E373F6C006EF3A3 /* LaunchScreen.storyboard */ = {
			isa = PBXVariantGroup;
			children = (
				1DCFAC0C1E373F6C006EF3A3 /* Base */,
			);
			name = LaunchScreen.storyboard;
			sourceTree = "<group>";
		};
/* End PBXVariantGroup section */

/* Begin XCBuildConfiguration section */
		1DCFAC0F1E373F6C006EF3A3 /* Debug */ = {
			isa = XCBuildConfiguration;
			buildSettings = {
				ALWAYS_SEARCH_USER_PATHS = NO;
				CLANG_ANALYZER_NONNULL = YES;
				CLANG_CXX_LANGUAGE_STANDARD = "gnu++0x";
				CLANG_CXX_LIBRARY = "libc++";
				CLANG_ENABLE_MODULES = YES;
				CLANG_ENABLE_OBJC_ARC = YES;
				CLANG_WARN_BOOL_CONVERSION = YES;
				CLANG_WARN_CONSTANT_CONVERSION = YES;
				CLANG_WARN_DIRECT_OBJC_ISA_USAGE = YES_ERROR;
				CLANG_WARN_DOCUMENTATION_COMMENTS = YES;
				CLANG_WARN_EMPTY_BODY = YES;
				CLANG_WARN_ENUM_CONVERSION = YES;
				CLANG_WARN_INFINITE_RECURSION = YES;
				CLANG_WARN_INT_CONVERSION = YES;
				CLANG_WARN_OBJC_ROOT_CLASS = YES_ERROR;
				CLANG_WARN_SUSPICIOUS_MOVE = YES;
				CLANG_WARN_UNREACHABLE_CODE = YES;
				CLANG_WARN__DUPLICATE_METHOD_MATCH = YES;
				"CODE_SIGN_IDENTITY[sdk=iphoneos*]" = "iPhone Developer";
				COPY_PHASE_STRIP = NO;
				DEBUG_INFORMATION_FORMAT = dwarf;
				ENABLE_STRICT_OBJC_MSGSEND = YES;
				ENABLE_TESTABILITY = YES;
				GCC_C_LANGUAGE_STANDARD = gnu99;
				GCC_DYNAMIC_NO_PIC = NO;
				GCC_NO_COMMON_BLOCKS = YES;
				GCC_OPTIMIZATION_LEVEL = 0;
				GCC_PREPROCESSOR_DEFINITIONS = (
					"DEBUG=1",
					"$(inherited)",
				);
				GCC_WARN_64_TO_32_BIT_CONVERSION = YES;
				GCC_WARN_ABOUT_RETURN_TYPE = YES_ERROR;
				GCC_WARN_UNDECLARED_SELECTOR = YES;
				GCC_WARN_UNINITIALIZED_AUTOS = YES_AGGRESSIVE;
				GCC_WARN_UNUSED_FUNCTION = YES;
				GCC_WARN_UNUSED_VARIABLE = YES;
				IPHONEOS_DEPLOYMENT_TARGET = 10.2;
				MTL_ENABLE_DEBUG_INFO = YES;
				ONLY_ACTIVE_ARCH = YES;
				SDKROOT = iphoneos;
			};
			name = Debug;
		};
		1DCFAC101E373F6C006EF3A3 /* Release */ = {
			isa = XCBuildConfiguration;
			buildSettings = {
				ALWAYS_SEARCH_USER_PATHS = NO;
				CLANG_ANALYZER_NONNULL = YES;
				CLANG_CXX_LANGUAGE_STANDARD = "gnu++0x";
				CLANG_CXX_LIBRARY = "libc++";
				CLANG_ENABLE_MODULES = YES;
				CLANG_ENABLE_OBJC_ARC = YES;
				CLANG_WARN_BOOL_CONVERSION = YES;
				CLANG_WARN_CONSTANT_CONVERSION = YES;
				CLANG_WARN_DIRECT_OBJC_ISA_USAGE = YES_ERROR;
				CLANG_WARN_DOCUMENTATION_COMMENTS = YES;
				CLANG_WARN_EMPTY_BODY = YES;
				CLANG_WARN_ENUM_CONVERSION = YES;
				CLANG_WARN_INFINITE_RECURSION = YES;
				CLANG_WARN_INT_CONVERSION = YES;
				CLANG_WARN_OBJC_ROOT_CLASS = YES_ERROR;
				CLANG_WARN_SUSPICIOUS_MOVE = YES;
				CLANG_WARN_UNREACHABLE_CODE = YES;
				CLANG_WARN__DUPLICATE_METHOD_MATCH = YES;
				"CODE_SIGN_IDENTITY[sdk=iphoneos*]" = "iPhone Developer";
				COPY_PHASE_STRIP = NO;
				DEBUG_INFORMATION_FORMAT = "dwarf-with-dsym";
				ENABLE_NS_ASSERTIONS = NO;
				ENABLE_STRICT_OBJC_MSGSEND = YES;
				GCC_C_LANGUAGE_STANDARD = gnu99;
				GCC_NO_COMMON_BLOCKS = YES;
				GCC_WARN_64_TO_32_BIT_CONVERSION = YES;
				GCC_WARN_ABOUT_RETURN_TYPE = YES_ERROR;
				GCC_WARN_UNDECLARED_SELECTOR = YES;
				GCC_WARN_UNINITIALIZED_AUTOS = YES_AGGRESSIVE;
				GCC_WARN_UNUSED_FUNCTION = YES;
				GCC_WARN_UNUSED_VARIABLE = YES;
				IPHONEOS_DEPLOYMENT_TARGET = 10.2;
				MTL_ENABLE_DEBUG_INFO = NO;
				SDKROOT = iphoneos;
				VALIDATE_PRODUCT = YES;
			};
			name = Release;
		};
		1DCFAC121E373F6C006EF3A3 /* Debug */ = {
			isa = XCBuildConfiguration;
			buildSettings = {
				ASSETCATALOG_COMPILER_APPICON_NAME = AppIcon;
				DEVELOPMENT_TEAM = VN226642G5;
				INFOPLIST_FILE = Reader/Info.plist;
				LD_RUNPATH_SEARCH_PATHS = "$(inherited) @executable_path/Frameworks";
				PRODUCT_BUNDLE_IDENTIFIER = com.suifeng.Reader;
				PRODUCT_NAME = "$(TARGET_NAME)";
			};
			name = Debug;
		};
		1DCFAC131E373F6C006EF3A3 /* Release */ = {
			isa = XCBuildConfiguration;
			buildSettings = {
				ASSETCATALOG_COMPILER_APPICON_NAME = AppIcon;
				DEVELOPMENT_TEAM = VN226642G5;
				INFOPLIST_FILE = Reader/Info.plist;
				LD_RUNPATH_SEARCH_PATHS = "$(inherited) @executable_path/Frameworks";
				PRODUCT_BUNDLE_IDENTIFIER = com.suifeng.Reader;
				PRODUCT_NAME = "$(TARGET_NAME)";
			};
			name = Release;
		};
/* End XCBuildConfiguration section */

/* Begin XCConfigurationList section */
		1DCFABF51E373F6C006EF3A3 /* Build configuration list for PBXProject "Reader" */ = {
			isa = XCConfigurationList;
			buildConfigurations = (
				1DCFAC0F1E373F6C006EF3A3 /* Debug */,
				1DCFAC101E373F6C006EF3A3 /* Release */,
			);
			defaultConfigurationIsVisible = 0;
			defaultConfigurationName = Release;
		};
		1DCFAC111E373F6C006EF3A3 /* Build configuration list for PBXNativeTarget "Reader" */ = {
			isa = XCConfigurationList;
			buildConfigurations = (
				1DCFAC121E373F6C006EF3A3 /* Debug */,
				1DCFAC131E373F6C006EF3A3 /* Release */,
			);
			defaultConfigurationIsVisible = 0;
		};
/* End XCConfigurationList section */
	};
	rootObject = 1DCFABF21E373F6C006EF3A3 /* Project object */;
}
